
Microsoft Visual Studio Solution File, Format Version 12.00
# Visual Studio 2012
Project("{FAE04EC0-301F-11D3-BF4B-00C04F79EFBC}") = "POS", "POS\POS.csproj", "{84235771-8554-4DE9-BD42-92D866497BD7}"
EndProject
Project("{FAE04EC0-301F-11D3-BF4B-00C04F79EFBC}") = "POS.Tests", "POS.Tests\POS.Tests.csproj", "{C82DD63B-39D4-4EE4-9CB1-4232ECB2DBD7}"
EndProject
Global
	GlobalSection(SolutionConfigurationPlatforms) = preSolution
		Debug|Any CPU = Debug|Any CPU
		Release|Any CPU = Release|Any CPU
	EndGlobalSection
	GlobalSection(ProjectConfigurationPlatforms) = postSolution
		{84235771-8554-4DE9-BD42-92D866497BD7}.Debug|Any CPU.ActiveCfg = Debug|Any CPU
		{84235771-8554-4DE9-BD42-92D866497BD7}.Debug|Any CPU.Build.0 = Debug|Any CPU
		{84235771-8554-4DE9-BD42-92D866497BD7}.Release|Any CPU.ActiveCfg = Release|Any CPU
		{84235771-8554-4DE9-BD42-92D866497BD7}.Release|Any CPU.Build.0 = Release|Any CPU
		{C82DD63B-39D4-4EE4-9CB1-4232ECB2DBD7}.Debug|Any CPU.ActiveCfg = Debug|Any CPU
		{C82DD63B-39D4-4EE4-9CB1-4232ECB2DBD7}.Debug|Any CPU.Build.0 = Debug|Any CPU
		{C82DD63B-39D4-4EE4-9CB1-4232ECB2DBD7}.Release|Any CPU.ActiveCfg = Release|Any CPU
		{C82DD63B-39D4-4EE4-9CB1-4232ECB2DBD7}.Release|Any CPU.Build.0 = Release|Any CPU
	EndGlobalSection
EndGlobal
